
Microsoft Visual Studio Solution File, Format Version 12.00
# Visual Studio Version 17
VisualStudioVersion = 17.4.33122.133
MinimumVisualStudioVersion = 10.0.40219.1
Project("{FAE04EC0-301F-11D3-BF4B-00C04F79EFBC}") = "WholesaleManagmentSys", "WholesaleManagmentSys\WholesaleManagmentSys.csproj", "{983AEAD7-3A17-42BE-AA2E-DA80BE8C1412}"
EndProject
Global
	GlobalSection(SolutionConfigurationPlatforms) = preSolution
		Debug|Any CPU = Debug|Any CPU
		Release|Any CPU = Release|Any CPU
	EndGlobalSection
	GlobalSection(ProjectConfigurationPlatforms) = postSolution
		{983AEAD7-3A17-42BE-AA2E-DA80BE8C1412}.Debug|Any CPU.ActiveCfg = Debug|Any CPU
		{983AEAD7-3A17-42BE-AA2E-DA80BE8C1412}.Debug|Any CPU.Build.0 = Debug|Any CPU
		{983AEAD7-3A17-42BE-AA2E-DA80BE8C1412}.Release|Any CPU.ActiveCfg = Release|Any CPU
		{983AEAD7-3A17-42BE-AA2E-DA80BE8C1412}.Release|Any CPU.Build.0 = Release|Any CPU
	EndGlobalSection
	GlobalSection(SolutionProperties) = preSolution
		HideSolutionNode = FALSE
	EndGlobalSection
	GlobalSection(ExtensibilityGlobals) = postSolution
		SolutionGuid = {1C8A8070-6EA9-4E44-9379-B697FBEB072D}
	EndGlobalSection
EndGlobal
